
Microsoft Visual Studio Solution File, Format Version 12.00
# Visual Studio Version 16
VisualStudioVersion = 16.0.29215.179
MinimumVisualStudioVersion = 10.0.40219.1
Project("{9A19103F-16F7-4668-BE54-9A1E7A4F7556}") = "API", "App\API.csproj", "{A920CE71-4C1B-4A63-A807-CD9AABBAA507}"
EndProject
Project("{9A19103F-16F7-4668-BE54-9A1E7A4F7556}") = "Services", "Services\Services.csproj", "{AE43C1D7-9BEE-4070-BDD9-9B17B42A0A08}"
EndProject
Project("{9A19103F-16F7-4668-BE54-9A1E7A4F7556}") = "Common", "DataBaseConnection\Common.csproj", "{5F80FBDB-293D-4326-9E52-C1BECE523AE6}"
EndProject
Project("{9A19103F-16F7-4668-BE54-9A1E7A4F7556}") = "BL", "BL\BL.csproj", "{9BDB2D09-5A64-4562-A753-09BBF5C7DACC}"
EndProject
Project("{FAE04EC0-301F-11D3-BF4B-00C04F79EFBC}") = "DataBaseConnector", "DataBaseConnector\DataBaseConnector.csproj", "{D9759E93-3C5F-4025-95B9-5002CD8439BB}"
EndProject
Project("{2150E333-8FDC-42A3-9474-1A3956D46DE8}") = "Solution Items", "Solution Items", "{182DBB9A-B8EF-47E0-818E-EC3E7B31F2E1}"
	ProjectSection(SolutionItems) = preProject
		.gitattributes = .gitattributes
		.gitignore = .gitignore
		README.md = README.md
	EndProjectSection
EndProject
Global
	GlobalSection(SolutionConfigurationPlatforms) = preSolution
		Debug|Any CPU = Debug|Any CPU
		Release|Any CPU = Release|Any CPU
	EndGlobalSection
	GlobalSection(ProjectConfigurationPlatforms) = postSolution
		{A920CE71-4C1B-4A63-A807-CD9AABBAA507}.Debug|Any CPU.ActiveCfg = Debug|Any CPU
		{A920CE71-4C1B-4A63-A807-CD9AABBAA507}.Debug|Any CPU.Build.0 = Debug|Any CPU
		{A920CE71-4C1B-4A63-A807-CD9AABBAA507}.Release|Any CPU.ActiveCfg = Release|Any CPU
		{A920CE71-4C1B-4A63-A807-CD9AABBAA507}.Release|Any CPU.Build.0 = Release|Any CPU
		{AE43C1D7-9BEE-4070-BDD9-9B17B42A0A08}.Debug|Any CPU.ActiveCfg = Debug|Any CPU
		{AE43C1D7-9BEE-4070-BDD9-9B17B42A0A08}.Debug|Any CPU.Build.0 = Debug|Any CPU
		{AE43C1D7-9BEE-4070-BDD9-9B17B42A0A08}.Release|Any CPU.ActiveCfg = Release|Any CPU
		{AE43C1D7-9BEE-4070-BDD9-9B17B42A0A08}.Release|Any CPU.Build.0 = Release|Any CPU
		{5F80FBDB-293D-4326-9E52-C1BECE523AE6}.Debug|Any CPU.ActiveCfg = Debug|Any CPU
		{5F80FBDB-293D-4326-9E52-C1BECE523AE6}.Debug|Any CPU.Build.0 = Debug|Any CPU
		{5F80FBDB-293D-4326-9E52-C1BECE523AE6}.Release|Any CPU.ActiveCfg = Release|Any CPU
		{5F80FBDB-293D-4326-9E52-C1BECE523AE6}.Release|Any CPU.Build.0 = Release|Any CPU
		{9BDB2D09-5A64-4562-A753-09BBF5C7DACC}.Debug|Any CPU.ActiveCfg = Debug|Any CPU
		{9BDB2D09-5A64-4562-A753-09BBF5C7DACC}.Debug|Any CPU.Build.0 = Debug|Any CPU
		{9BDB2D09-5A64-4562-A753-09BBF5C7DACC}.Release|Any CPU.ActiveCfg = Release|Any CPU
		{9BDB2D09-5A64-4562-A753-09BBF5C7DACC}.Release|Any CPU.Build.0 = Release|Any CPU
		{D9759E93-3C5F-4025-95B9-5002CD8439BB}.Debug|Any CPU.ActiveCfg = Debug|Any CPU
		{D9759E93-3C5F-4025-95B9-5002CD8439BB}.Debug|Any CPU.Build.0 = Debug|Any CPU
		{D9759E93-3C5F-4025-95B9-5002CD8439BB}.Release|Any CPU.ActiveCfg = Release|Any CPU
		{D9759E93-3C5F-4025-95B9-5002CD8439BB}.Release|Any CPU.Build.0 = Release|Any CPU
	EndGlobalSection
	GlobalSection(SolutionProperties) = preSolution
		HideSolutionNode = FALSE
	EndGlobalSection
	GlobalSection(ExtensibilityGlobals) = postSolution
		SolutionGuid = {320F129C-7C3F-48C4-8FBC-531CDBDFEA14}
	EndGlobalSection
EndGlobal
